
Microsoft Visual Studio Solution File, Format Version 12.00
# Visual Studio Version 17
VisualStudioVersion = 17.7.33711.374
MinimumVisualStudioVersion = 10.0.40219.1
Project("{9A19103F-16F7-4668-BE54-9A1E7A4F7556}") = "Furion", "Furion\Furion.csproj", "{82D4F4AD-D97C-4CEA-B705-7520318B43E1}"
EndProject
Project("{FAE04EC0-301F-11D3-BF4B-00C04F79EFBC}") = "Furion.Tests", "..\tests\Furion.Tests\Furion.Tests.csproj", "{5CC3D87E-9FEC-4D9C-990B-A8721B757F1D}"
EndProject
Global
	GlobalSection(SolutionConfigurationPlatforms) = preSolution
		Debug|Any CPU = Debug|Any CPU
		Release|Any CPU = Release|Any CPU
	EndGlobalSection
	GlobalSection(ProjectConfigurationPlatforms) = postSolution
		{82D4F4AD-D97C-4CEA-B705-7520318B43E1}.Debug|Any CPU.ActiveCfg = Debug|Any CPU
		{82D4F4AD-D97C-4CEA-B705-7520318B43E1}.Debug|Any CPU.Build.0 = Debug|Any CPU
		{82D4F4AD-D97C-4CEA-B705-7520318B43E1}.Release|Any CPU.ActiveCfg = Release|Any CPU
		{82D4F4AD-D97C-4CEA-B705-7520318B43E1}.Release|Any CPU.Build.0 = Release|Any CPU
		{5CC3D87E-9FEC-4D9C-990B-A8721B757F1D}.Debug|Any CPU.ActiveCfg = Debug|Any CPU
		{5CC3D87E-9FEC-4D9C-990B-A8721B757F1D}.Debug|Any CPU.Build.0 = Debug|Any CPU
		{5CC3D87E-9FEC-4D9C-990B-A8721B757F1D}.Release|Any CPU.ActiveCfg = Release|Any CPU
		{5CC3D87E-9FEC-4D9C-990B-A8721B757F1D}.Release|Any CPU.Build.0 = Release|Any CPU
	EndGlobalSection
	GlobalSection(SolutionProperties) = preSolution
		HideSolutionNode = FALSE
	EndGlobalSection
	GlobalSection(ExtensibilityGlobals) = postSolution
		SolutionGuid = {E66EA3E6-2FE9-44EB-B8F6-7E49CDBD6C3C}
	EndGlobalSection
EndGlobal
