
Microsoft Visual Studio Solution File, Format Version 12.00
# Visual Studio Version 17
VisualStudioVersion = 17.7.33711.374
MinimumVisualStudioVersion = 10.0.40219.1
Project("{9A19103F-16F7-4668-BE54-9A1E7A4F7556}") = "Furion.Core", "Furion.Core\src\Furion.Core.csproj", "{66C32D7B-EF1E-43BB-83A3-B99661FB911B}"
EndProject
Project("{9A19103F-16F7-4668-BE54-9A1E7A4F7556}") = "Furion.DependencyInjection", "Furion.DependencyInjection\src\Furion.DependencyInjection.csproj", "{B19A1E2E-CC95-4873-B4E2-0E210C0862A4}"
EndProject
Project("{9A19103F-16F7-4668-BE54-9A1E7A4F7556}") = "Furion", "Furion\src\Furion.csproj", "{7AFBEBC4-8B48-4BA9-A339-C62726826F04}"
EndProject
Project("{9A19103F-16F7-4668-BE54-9A1E7A4F7556}") = "Furion.DependencyInjection.Tests", "Furion.DependencyInjection\test\Furion.DependencyInjection.Tests.csproj", "{D2388692-0258-4F5B-B14B-746B441AFC3B}"
EndProject
Project("{9A19103F-16F7-4668-BE54-9A1E7A4F7556}") = "Furion.Core.Tests", "Furion.Core\test\Furion.Core.Tests.csproj", "{301F0DCA-F406-4572-8080-9DDE1FB81969}"
EndProject
Project("{2150E333-8FDC-42A3-9474-1A3956D46DE8}") = "Core", "Core", "{72C34485-4FF3-487E-BE07-16A1D61907E6}"
EndProject
Project("{2150E333-8FDC-42A3-9474-1A3956D46DE8}") = "DependencyInjection", "DependencyInjection", "{5D868F96-9797-40CA-AF53-68BE4E762916}"
EndProject
Project("{2150E333-8FDC-42A3-9474-1A3956D46DE8}") = "Component", "Component", "{205E6A86-75C8-4A52-9444-2E0F3640217F}"
EndProject
Project("{9A19103F-16F7-4668-BE54-9A1E7A4F7556}") = "Furion.Component", "Furion.Component\src\Furion.Component.csproj", "{49866735-8A86-4711-B8C9-E251E147AE71}"
EndProject
Project("{9A19103F-16F7-4668-BE54-9A1E7A4F7556}") = "Furion.Component.Tests", "Furion.Component\test\Furion.Component.Tests.csproj", "{1B8B0BEA-5710-44EE-9CE7-A27040CFB4DC}"
EndProject
Project("{9A19103F-16F7-4668-BE54-9A1E7A4F7556}") = "Furion.Tests", "Furion\test\Furion.Tests.csproj", "{E7A6970B-3AF7-4C84-902E-AE91CA401A23}"
EndProject
Project("{9A19103F-16F7-4668-BE54-9A1E7A4F7556}") = "Furion.Component.AspNetCore", "Furion.Component.AspNetCore\src\Furion.Component.AspNetCore.csproj", "{9F66A890-DE92-40A5-9220-4B7679DA415D}"
EndProject
Project("{9A19103F-16F7-4668-BE54-9A1E7A4F7556}") = "Furion.Component.Hosting", "Furion.Component.Hosting\src\Furion.Component.Hosting.csproj", "{AA6CF850-E46F-4F7F-BB8D-A3928B217363}"
EndProject
Project("{9A19103F-16F7-4668-BE54-9A1E7A4F7556}") = "Furion.DependencyInjection.AspNetCore", "Furion.DependencyInjection.AspNetCore\src\Furion.DependencyInjection.AspNetCore.csproj", "{90761246-FD99-40EE-B834-458A075ED4C0}"
EndProject
Project("{9A19103F-16F7-4668-BE54-9A1E7A4F7556}") = "Furion.DependencyInjection.Named", "Furion.DependencyInjection.Named\src\Furion.DependencyInjection.Named.csproj", "{57307869-CE77-41D8-B65E-388FCDEFA13E}"
EndProject
Global
	GlobalSection(SolutionConfigurationPlatforms) = preSolution
		Debug|Any CPU = Debug|Any CPU
		Release|Any CPU = Release|Any CPU
	EndGlobalSection
	GlobalSection(ProjectConfigurationPlatforms) = postSolution
		{66C32D7B-EF1E-43BB-83A3-B99661FB911B}.Debug|Any CPU.ActiveCfg = Debug|Any CPU
		{66C32D7B-EF1E-43BB-83A3-B99661FB911B}.Debug|Any CPU.Build.0 = Debug|Any CPU
		{66C32D7B-EF1E-43BB-83A3-B99661FB911B}.Release|Any CPU.ActiveCfg = Release|Any CPU
		{66C32D7B-EF1E-43BB-83A3-B99661FB911B}.Release|Any CPU.Build.0 = Release|Any CPU
		{B19A1E2E-CC95-4873-B4E2-0E210C0862A4}.Debug|Any CPU.ActiveCfg = Debug|Any CPU
		{B19A1E2E-CC95-4873-B4E2-0E210C0862A4}.Debug|Any CPU.Build.0 = Debug|Any CPU
		{B19A1E2E-CC95-4873-B4E2-0E210C0862A4}.Release|Any CPU.ActiveCfg = Release|Any CPU
		{B19A1E2E-CC95-4873-B4E2-0E210C0862A4}.Release|Any CPU.Build.0 = Release|Any CPU
		{7AFBEBC4-8B48-4BA9-A339-C62726826F04}.Debug|Any CPU.ActiveCfg = Debug|Any CPU
		{7AFBEBC4-8B48-4BA9-A339-C62726826F04}.Debug|Any CPU.Build.0 = Debug|Any CPU
		{7AFBEBC4-8B48-4BA9-A339-C62726826F04}.Release|Any CPU.ActiveCfg = Release|Any CPU
		{7AFBEBC4-8B48-4BA9-A339-C62726826F04}.Release|Any CPU.Build.0 = Release|Any CPU
		{D2388692-0258-4F5B-B14B-746B441AFC3B}.Debug|Any CPU.ActiveCfg = Debug|Any CPU
		{D2388692-0258-4F5B-B14B-746B441AFC3B}.Debug|Any CPU.Build.0 = Debug|Any CPU
		{D2388692-0258-4F5B-B14B-746B441AFC3B}.Release|Any CPU.ActiveCfg = Release|Any CPU
		{D2388692-0258-4F5B-B14B-746B441AFC3B}.Release|Any CPU.Build.0 = Release|Any CPU
		{301F0DCA-F406-4572-8080-9DDE1FB81969}.Debug|Any CPU.ActiveCfg = Debug|Any CPU
		{301F0DCA-F406-4572-8080-9DDE1FB81969}.Debug|Any CPU.Build.0 = Debug|Any CPU
		{301F0DCA-F406-4572-8080-9DDE1FB81969}.Release|Any CPU.ActiveCfg = Release|Any CPU
		{301F0DCA-F406-4572-8080-9DDE1FB81969}.Release|Any CPU.Build.0 = Release|Any CPU
		{49866735-8A86-4711-B8C9-E251E147AE71}.Debug|Any CPU.ActiveCfg = Debug|Any CPU
		{49866735-8A86-4711-B8C9-E251E147AE71}.Debug|Any CPU.Build.0 = Debug|Any CPU
		{49866735-8A86-4711-B8C9-E251E147AE71}.Release|Any CPU.ActiveCfg = Release|Any CPU
		{49866735-8A86-4711-B8C9-E251E147AE71}.Release|Any CPU.Build.0 = Release|Any CPU
		{1B8B0BEA-5710-44EE-9CE7-A27040CFB4DC}.Debug|Any CPU.ActiveCfg = Debug|Any CPU
		{1B8B0BEA-5710-44EE-9CE7-A27040CFB4DC}.Debug|Any CPU.Build.0 = Debug|Any CPU
		{1B8B0BEA-5710-44EE-9CE7-A27040CFB4DC}.Release|Any CPU.ActiveCfg = Release|Any CPU
		{1B8B0BEA-5710-44EE-9CE7-A27040CFB4DC}.Release|Any CPU.Build.0 = Release|Any CPU
		{E7A6970B-3AF7-4C84-902E-AE91CA401A23}.Debug|Any CPU.ActiveCfg = Debug|Any CPU
		{E7A6970B-3AF7-4C84-902E-AE91CA401A23}.Debug|Any CPU.Build.0 = Debug|Any CPU
		{E7A6970B-3AF7-4C84-902E-AE91CA401A23}.Release|Any CPU.ActiveCfg = Release|Any CPU
		{E7A6970B-3AF7-4C84-902E-AE91CA401A23}.Release|Any CPU.Build.0 = Release|Any CPU
		{9F66A890-DE92-40A5-9220-4B7679DA415D}.Debug|Any CPU.ActiveCfg = Debug|Any CPU
		{9F66A890-DE92-40A5-9220-4B7679DA415D}.Debug|Any CPU.Build.0 = Debug|Any CPU
		{9F66A890-DE92-40A5-9220-4B7679DA415D}.Release|Any CPU.ActiveCfg = Release|Any CPU
		{9F66A890-DE92-40A5-9220-4B7679DA415D}.Release|Any CPU.Build.0 = Release|Any CPU
		{AA6CF850-E46F-4F7F-BB8D-A3928B217363}.Debug|Any CPU.ActiveCfg = Debug|Any CPU
		{AA6CF850-E46F-4F7F-BB8D-A3928B217363}.Debug|Any CPU.Build.0 = Debug|Any CPU
		{AA6CF850-E46F-4F7F-BB8D-A3928B217363}.Release|Any CPU.ActiveCfg = Release|Any CPU
		{AA6CF850-E46F-4F7F-BB8D-A3928B217363}.Release|Any CPU.Build.0 = Release|Any CPU
		{90761246-FD99-40EE-B834-458A075ED4C0}.Debug|Any CPU.ActiveCfg = Debug|Any CPU
		{90761246-FD99-40EE-B834-458A075ED4C0}.Debug|Any CPU.Build.0 = Debug|Any CPU
		{90761246-FD99-40EE-B834-458A075ED4C0}.Release|Any CPU.ActiveCfg = Release|Any CPU
		{90761246-FD99-40EE-B834-458A075ED4C0}.Release|Any CPU.Build.0 = Release|Any CPU
		{57307869-CE77-41D8-B65E-388FCDEFA13E}.Debug|Any CPU.ActiveCfg = Debug|Any CPU
		{57307869-CE77-41D8-B65E-388FCDEFA13E}.Debug|Any CPU.Build.0 = Debug|Any CPU
		{57307869-CE77-41D8-B65E-388FCDEFA13E}.Release|Any CPU.ActiveCfg = Release|Any CPU
		{57307869-CE77-41D8-B65E-388FCDEFA13E}.Release|Any CPU.Build.0 = Release|Any CPU
	EndGlobalSection
	GlobalSection(SolutionProperties) = preSolution
		HideSolutionNode = FALSE
	EndGlobalSection
	GlobalSection(NestedProjects) = preSolution
		{66C32D7B-EF1E-43BB-83A3-B99661FB911B} = {72C34485-4FF3-487E-BE07-16A1D61907E6}
		{B19A1E2E-CC95-4873-B4E2-0E210C0862A4} = {5D868F96-9797-40CA-AF53-68BE4E762916}
		{D2388692-0258-4F5B-B14B-746B441AFC3B} = {5D868F96-9797-40CA-AF53-68BE4E762916}
		{301F0DCA-F406-4572-8080-9DDE1FB81969} = {72C34485-4FF3-487E-BE07-16A1D61907E6}
		{49866735-8A86-4711-B8C9-E251E147AE71} = {205E6A86-75C8-4A52-9444-2E0F3640217F}
		{1B8B0BEA-5710-44EE-9CE7-A27040CFB4DC} = {205E6A86-75C8-4A52-9444-2E0F3640217F}
		{9F66A890-DE92-40A5-9220-4B7679DA415D} = {205E6A86-75C8-4A52-9444-2E0F3640217F}
		{AA6CF850-E46F-4F7F-BB8D-A3928B217363} = {205E6A86-75C8-4A52-9444-2E0F3640217F}
		{90761246-FD99-40EE-B834-458A075ED4C0} = {5D868F96-9797-40CA-AF53-68BE4E762916}
		{57307869-CE77-41D8-B65E-388FCDEFA13E} = {5D868F96-9797-40CA-AF53-68BE4E762916}
	EndGlobalSection
	GlobalSection(ExtensibilityGlobals) = postSolution
		SolutionGuid = {E66EA3E6-2FE9-44EB-B8F6-7E49CDBD6C3C}
	EndGlobalSection
EndGlobal
